
Microsoft Visual Studio Solution File, Format Version 12.00
# Visual Studio 15
VisualStudioVersion = 15.0.27130.2003
MinimumVisualStudioVersion = 10.0.40219.1
Project("{FAE04EC0-301F-11D3-BF4B-00C04F79EFBC}") = "TestApp", "TestApp\TestApp\TestApp.csproj", "{F02DA552-9CD3-42BE-8C83-274A78A65503}"
EndProject
Project("{FAE04EC0-301F-11D3-BF4B-00C04F79EFBC}") = "TestApp.Android", "TestApp\TestApp.Android\TestApp.Android.csproj", "{B7BC6CA9-D59B-4CC3-89C7-645B318E4573}"
EndProject
Project("{FAE04EC0-301F-11D3-BF4B-00C04F79EFBC}") = "TestApp.iOS", "TestApp\TestApp.iOS\TestApp.iOS.csproj", "{E62CC39A-1A5F-424A-8916-946446CE4249}"
EndProject
Global
	GlobalSection(SolutionConfigurationPlatforms) = preSolution
		Ad-Hoc|Any CPU = Ad-Hoc|Any CPU
		Ad-Hoc|iPhone = Ad-Hoc|iPhone
		Ad-Hoc|iPhoneSimulator = Ad-Hoc|iPhoneSimulator
		AppStore|Any CPU = AppStore|Any CPU
		AppStore|iPhone = AppStore|iPhone
		AppStore|iPhoneSimulator = AppStore|iPhoneSimulator
		Debug|Any CPU = Debug|Any CPU
		Debug|iPhone = Debug|iPhone
		Debug|iPhoneSimulator = Debug|iPhoneSimulator
		Release|Any CPU = Release|Any CPU
		Release|iPhone = Release|iPhone
		Release|iPhoneSimulator = Release|iPhoneSimulator
	EndGlobalSection
	GlobalSection(ProjectConfigurationPlatforms) = postSolution
		{F02DA552-9CD3-42BE-8C83-274A78A65503}.Ad-Hoc|Any CPU.ActiveCfg = Debug|Any CPU
		{F02DA552-9CD3-42BE-8C83-274A78A65503}.Ad-Hoc|Any CPU.Build.0 = Debug|Any CPU
		{F02DA552-9CD3-42BE-8C83-274A78A65503}.Ad-Hoc|iPhone.ActiveCfg = Debug|Any CPU
		{F02DA552-9CD3-42BE-8C83-274A78A65503}.Ad-Hoc|iPhone.Build.0 = Debug|Any CPU
		{F02DA552-9CD3-42BE-8C83-274A78A65503}.Ad-Hoc|iPhoneSimulator.ActiveCfg = Debug|Any CPU
		{F02DA552-9CD3-42BE-8C83-274A78A65503}.Ad-Hoc|iPhoneSimulator.Build.0 = Debug|Any CPU
		{F02DA552-9CD3-42BE-8C83-274A78A65503}.AppStore|Any CPU.ActiveCfg = Debug|Any CPU
		{F02DA552-9CD3-42BE-8C83-274A78A65503}.AppStore|Any CPU.Build.0 = Debug|Any CPU
		{F02DA552-9CD3-42BE-8C83-274A78A65503}.AppStore|iPhone.ActiveCfg = Debug|Any CPU
		{F02DA552-9CD3-42BE-8C83-274A78A65503}.AppStore|iPhone.Build.0 = Debug|Any CPU
		{F02DA552-9CD3-42BE-8C83-274A78A65503}.AppStore|iPhoneSimulator.ActiveCfg = Debug|Any CPU
		{F02DA552-9CD3-42BE-8C83-274A78A65503}.AppStore|iPhoneSimulator.Build.0 = Debug|Any CPU
		{F02DA552-9CD3-42BE-8C83-274A78A65503}.Debug|Any CPU.ActiveCfg = Debug|Any CPU
		{F02DA552-9CD3-42BE-8C83-274A78A65503}.Debug|Any CPU.Build.0 = Debug|Any CPU
		{F02DA552-9CD3-42BE-8C83-274A78A65503}.Debug|iPhone.ActiveCfg = Debug|Any CPU
		{F02DA552-9CD3-42BE-8C83-274A78A65503}.Debug|iPhone.Build.0 = Debug|Any CPU
		{F02DA552-9CD3-42BE-8C83-274A78A65503}.Debug|iPhoneSimulator.ActiveCfg = Debug|Any CPU
		{F02DA552-9CD3-42BE-8C83-274A78A65503}.Debug|iPhoneSimulator.Build.0 = Debug|Any CPU
		{F02DA552-9CD3-42BE-8C83-274A78A65503}.Release|Any CPU.ActiveCfg = Release|Any CPU
		{F02DA552-9CD3-42BE-8C83-274A78A65503}.Release|Any CPU.Build.0 = Release|Any CPU
		{F02DA552-9CD3-42BE-8C83-274A78A65503}.Release|iPhone.ActiveCfg = Release|Any CPU
		{F02DA552-9CD3-42BE-8C83-274A78A65503}.Release|iPhone.Build.0 = Release|Any CPU
		{F02DA552-9CD3-42BE-8C83-274A78A65503}.Release|iPhoneSimulator.ActiveCfg = Release|Any CPU
		{F02DA552-9CD3-42BE-8C83-274A78A65503}.Release|iPhoneSimulator.Build.0 = Release|Any CPU
		{B7BC6CA9-D59B-4CC3-89C7-645B318E4573}.Ad-Hoc|Any CPU.ActiveCfg = Release|Any CPU
		{B7BC6CA9-D59B-4CC3-89C7-645B318E4573}.Ad-Hoc|Any CPU.Build.0 = Release|Any CPU
		{B7BC6CA9-D59B-4CC3-89C7-645B318E4573}.Ad-Hoc|Any CPU.Deploy.0 = Release|Any CPU
		{B7BC6CA9-D59B-4CC3-89C7-645B318E4573}.Ad-Hoc|iPhone.ActiveCfg = Release|Any CPU
		{B7BC6CA9-D59B-4CC3-89C7-645B318E4573}.Ad-Hoc|iPhone.Build.0 = Release|Any CPU
		{B7BC6CA9-D59B-4CC3-89C7-645B318E4573}.Ad-Hoc|iPhone.Deploy.0 = Release|Any CPU
		{B7BC6CA9-D59B-4CC3-89C7-645B318E4573}.Ad-Hoc|iPhoneSimulator.ActiveCfg = Release|Any CPU
		{B7BC6CA9-D59B-4CC3-89C7-645B318E4573}.Ad-Hoc|iPhoneSimulator.Build.0 = Release|Any CPU
		{B7BC6CA9-D59B-4CC3-89C7-645B318E4573}.Ad-Hoc|iPhoneSimulator.Deploy.0 = Release|Any CPU
		{B7BC6CA9-D59B-4CC3-89C7-645B318E4573}.AppStore|Any CPU.ActiveCfg = Release|Any CPU
		{B7BC6CA9-D59B-4CC3-89C7-645B318E4573}.AppStore|Any CPU.Build.0 = Release|Any CPU
		{B7BC6CA9-D59B-4CC3-89C7-645B318E4573}.AppStore|Any CPU.Deploy.0 = Release|Any CPU
		{B7BC6CA9-D59B-4CC3-89C7-645B318E4573}.AppStore|iPhone.ActiveCfg = Release|Any CPU
		{B7BC6CA9-D59B-4CC3-89C7-645B318E4573}.AppStore|iPhone.Build.0 = Release|Any CPU
		{B7BC6CA9-D59B-4CC3-89C7-645B318E4573}.AppStore|iPhone.Deploy.0 = Release|Any CPU
		{B7BC6CA9-D59B-4CC3-89C7-645B318E4573}.AppStore|iPhoneSimulator.ActiveCfg = Release|Any CPU
		{B7BC6CA9-D59B-4CC3-89C7-645B318E4573}.AppStore|iPhoneSimulator.Build.0 = Release|Any CPU
		{B7BC6CA9-D59B-4CC3-89C7-645B318E4573}.AppStore|iPhoneSimulator.Deploy.0 = Release|Any CPU
		{B7BC6CA9-D59B-4CC3-89C7-645B318E4573}.Debug|Any CPU.ActiveCfg = Debug|Any CPU
		{B7BC6CA9-D59B-4CC3-89C7-645B318E4573}.Debug|Any CPU.Build.0 = Debug|Any CPU
		{B7BC6CA9-D59B-4CC3-89C7-645B318E4573}.Debug|Any CPU.Deploy.0 = Debug|Any CPU
		{B7BC6CA9-D59B-4CC3-89C7-645B318E4573}.Debug|iPhone.ActiveCfg = Debug|Any CPU
		{B7BC6CA9-D59B-4CC3-89C7-645B318E4573}.Debug|iPhone.Build.0 = Debug|Any CPU
		{B7BC6CA9-D59B-4CC3-89C7-645B318E4573}.Debug|iPhone.Deploy.0 = Debug|Any CPU
		{B7BC6CA9-D59B-4CC3-89C7-645B318E4573}.Debug|iPhoneSimulator.ActiveCfg = Debug|Any CPU
		{B7BC6CA9-D59B-4CC3-89C7-645B318E4573}.Debug|iPhoneSimulator.Build.0 = Debug|Any CPU
		{B7BC6CA9-D59B-4CC3-89C7-645B318E4573}.Debug|iPhoneSimulator.Deploy.0 = Debug|Any CPU
		{B7BC6CA9-D59B-4CC3-89C7-645B318E4573}.Release|Any CPU.ActiveCfg = Release|Any CPU
		{B7BC6CA9-D59B-4CC3-89C7-645B318E4573}.Release|Any CPU.Build.0 = Release|Any CPU
		{B7BC6CA9-D59B-4CC3-89C7-645B318E4573}.Release|Any CPU.Deploy.0 = Release|Any CPU
		{B7BC6CA9-D59B-4CC3-89C7-645B318E4573}.Release|iPhone.ActiveCfg = Release|Any CPU
		{B7BC6CA9-D59B-4CC3-89C7-645B318E4573}.Release|iPhone.Build.0 = Release|Any CPU
		{B7BC6CA9-D59B-4CC3-89C7-645B318E4573}.Release|iPhone.Deploy.0 = Release|Any CPU
		{B7BC6CA9-D59B-4CC3-89C7-645B318E4573}.Release|iPhoneSimulator.ActiveCfg = Release|Any CPU
		{B7BC6CA9-D59B-4CC3-89C7-645B318E4573}.Release|iPhoneSimulator.Build.0 = Release|Any CPU
		{B7BC6CA9-D59B-4CC3-89C7-645B318E4573}.Release|iPhoneSimulator.Deploy.0 = Release|Any CPU
		{E62CC39A-1A5F-424A-8916-946446CE4249}.Ad-Hoc|Any CPU.ActiveCfg = Ad-Hoc|iPhone
		{E62CC39A-1A5F-424A-8916-946446CE4249}.Ad-Hoc|iPhone.ActiveCfg = Ad-Hoc|iPhone
		{E62CC39A-1A5F-424A-8916-946446CE4249}.Ad-Hoc|iPhone.Build.0 = Ad-Hoc|iPhone
		{E62CC39A-1A5F-424A-8916-946446CE4249}.Ad-Hoc|iPhoneSimulator.ActiveCfg = Ad-Hoc|iPhoneSimulator
		{E62CC39A-1A5F-424A-8916-946446CE4249}.Ad-Hoc|iPhoneSimulator.Build.0 = Ad-Hoc|iPhoneSimulator
		{E62CC39A-1A5F-424A-8916-946446CE4249}.AppStore|Any CPU.ActiveCfg = AppStore|iPhone
		{E62CC39A-1A5F-424A-8916-946446CE4249}.AppStore|iPhone.ActiveCfg = AppStore|iPhone
		{E62CC39A-1A5F-424A-8916-946446CE4249}.AppStore|iPhone.Build.0 = AppStore|iPhone
		{E62CC39A-1A5F-424A-8916-946446CE4249}.AppStore|iPhoneSimulator.ActiveCfg = AppStore|iPhoneSimulator
		{E62CC39A-1A5F-424A-8916-946446CE4249}.AppStore|iPhoneSimulator.Build.0 = AppStore|iPhoneSimulator
		{E62CC39A-1A5F-424A-8916-946446CE4249}.Debug|Any CPU.ActiveCfg = Debug|iPhone
		{E62CC39A-1A5F-424A-8916-946446CE4249}.Debug|iPhone.ActiveCfg = Debug|iPhone
		{E62CC39A-1A5F-424A-8916-946446CE4249}.Debug|iPhone.Build.0 = Debug|iPhone
		{E62CC39A-1A5F-424A-8916-946446CE4249}.Debug|iPhoneSimulator.ActiveCfg = Debug|iPhoneSimulator
		{E62CC39A-1A5F-424A-8916-946446CE4249}.Debug|iPhoneSimulator.Build.0 = Debug|iPhoneSimulator
		{E62CC39A-1A5F-424A-8916-946446CE4249}.Release|Any CPU.ActiveCfg = Release|iPhone
		{E62CC39A-1A5F-424A-8916-946446CE4249}.Release|iPhone.ActiveCfg = Release|iPhone
		{E62CC39A-1A5F-424A-8916-946446CE4249}.Release|iPhone.Build.0 = Release|iPhone
		{E62CC39A-1A5F-424A-8916-946446CE4249}.Release|iPhoneSimulator.ActiveCfg = Release|iPhoneSimulator
		{E62CC39A-1A5F-424A-8916-946446CE4249}.Release|iPhoneSimulator.Build.0 = Release|iPhoneSimulator
	EndGlobalSection
	GlobalSection(SolutionProperties) = preSolution
		HideSolutionNode = FALSE
	EndGlobalSection
	GlobalSection(ExtensibilityGlobals) = postSolution
		SolutionGuid = {DF2465DC-1307-4B78-B90C-F504E84659C5}
	EndGlobalSection
	GlobalSection(MonoDevelopProperties) = preSolution
		Policies = $0
		$0.DotNetNamingPolicy = $1
		$1.DirectoryNamespaceAssociation = PrefixedHierarchical
		$0.TextStylePolicy = $2
		$2.inheritsSet = null
		$2.scope = application/xaml+xml
		$0.XmlFormattingPolicy = $3
		$3.inheritsSet = null
		$3.scope = application/xaml+xml
		$0.TextStylePolicy = $4
		$4.inheritsSet = null
		$4.scope = application/xml
		$0.XmlFormattingPolicy = $5
		$5.scope = application/xml
		$0.TextStylePolicy = $6
		$6.FileWidth = 80
		$6.TabsToSpaces = True
		$6.scope = text/plain
		$0.TextStylePolicy = $7
		$7.inheritsSet = null
		$7.scope = text/x-csharp
		$0.CSharpFormattingPolicy = $8
		$8.scope = text/x-csharp
		$0.TextStylePolicy = $9
		$9.inheritsSet = null
		$9.scope = application/android+xml
		$0.XmlFormattingPolicy = $10
		$10.inheritsSet = null
		$10.scope = application/android+xml
		$0.TextStylePolicy = $11
		$11.inheritsSet = null
		$11.scope = application/vnd.apple-xcode-storyboard
		$0.XmlFormattingPolicy = $12
		$12.inheritsSet = null
		$12.scope = application/vnd.apple-xcode-storyboard
		$0.StandardHeader = $13
		$0.VersionControlPolicy = $14
	EndGlobalSection
EndGlobal
